// !$*UTF8*$!
{
	archiveVersion = 1;
	classes = {
	};
	objectVersion = 46;
	objects = {

/* Begin PBXBuildFile section */
		5B3E1E841D99493800D11B4A /* Explosion.scnp in Resources */ = {isa = PBXBuildFile; fileRef = 5B3E1E831D99493800D11B4A /* Explosion.scnp */; };
		5BF8EDDE1D9200380059056B /* AppDelegate.swift in Sources */ = {isa = PBXBuildFile; fileRef = 5BF8EDDD1D9200380059056B /* AppDelegate.swift */; };
		5BF8EDE21D9200380059056B /* GameViewController.swift in Sources */ = {isa = PBXBuildFile; fileRef = 5BF8EDE11D9200380059056B /* GameViewController.swift */; };
		5BF8EDE51D9200380059056B /* Main.storyboard in Resources */ = {isa = PBXBuildFile; fileRef = 5BF8EDE31D9200380059056B /* Main.storyboard */; };
		5BF8EDE71D9200380059056B /* Assets.xcassets in Resources */ = {isa = PBXBuildFile; fileRef = 5BF8EDE61D9200380059056B /* Assets.xcassets */; };
		5BF8EDEA1D9200380059056B /* LaunchScreen.storyboard in Resources */ = {isa = PBXBuildFile; fileRef = 5BF8EDE81D9200380059056B /* LaunchScreen.storyboard */; };
		5BF8EDF21D92AE840059056B /* GeometryFighter.scnassets in Resources */ = {isa = PBXBuildFile; fileRef = 5BF8EDF11D92AE840059056B /* GeometryFighter.scnassets */; };
		5BF8EDF41D92B33A0059056B /* ShapeType.swift in Sources */ = {isa = PBXBuildFile; fileRef = 5BF8EDF31D92B33A0059056B /* ShapeType.swift */; };
		5BF8EDFD1D9348CF0059056B /* Double+Extensions.swift in Sources */ = {isa = PBXBuildFile; fileRef = 5BF8EDF61D9348CF0059056B /* Double+Extensions.swift */; };
		5BF8EDFE1D9348CF0059056B /* Float+Extensions.swift in Sources */ = {isa = PBXBuildFile; fileRef = 5BF8EDF71D9348CF0059056B /* Float+Extensions.swift */; };
		5BF8EDFF1D9348CF0059056B /* GameHelper.swift in Sources */ = {isa = PBXBuildFile; fileRef = 5BF8EDF81D9348CF0059056B /* GameHelper.swift */; };
		5BF8EE001D9348CF0059056B /* Generics.swift in Sources */ = {isa = PBXBuildFile; fileRef = 5BF8EDF91D9348CF0059056B /* Generics.swift */; };
		5BF8EE011D9348CF0059056B /* Int+Extensions.swift in Sources */ = {isa = PBXBuildFile; fileRef = 5BF8EDFA1D9348CF0059056B /* Int+Extensions.swift */; };
		5BF8EE021D9348CF0059056B /* SCNAction+Extensions.swift in Sources */ = {isa = PBXBuildFile; fileRef = 5BF8EDFB1D9348CF0059056B /* SCNAction+Extensions.swift */; };
		5BF8EE031D9348CF0059056B /* UIColor+Extensions.swift in Sources */ = {isa = PBXBuildFile; fileRef = 5BF8EDFC1D9348CF0059056B /* UIColor+Extensions.swift */; };
		5BF8EE071D963EBD0059056B /* SceneKit Particle System.scnp in Resources */ = {isa = PBXBuildFile; fileRef = 5BF8EE051D963EBD0059056B /* SceneKit Particle System.scnp */; };
		5BF8EE081D963EBD0059056B /* spark.png in Resources */ = {isa = PBXBuildFile; fileRef = 5BF8EE061D963EBD0059056B /* spark.png */; };
/* End PBXBuildFile section */

/* Begin PBXFileReference section */
		5B3E1E831D99493800D11B4A /* Explosion.scnp */ = {isa = PBXFileReference; lastKnownFileType = file.scp; path = Explosion.scnp; sourceTree = "<group>"; };
		5BF8EDDA1D9200380059056B /* GeometryFighter.app */ = {isa = PBXFileReference; explicitFileType = wrapper.application; includeInIndex = 0; path = GeometryFighter.app; sourceTree = BUILT_PRODUCTS_DIR; };
		5BF8EDDD1D9200380059056B /* AppDelegate.swift */ = {isa = PBXFileReference; lastKnownFileType = sourcecode.swift; path = AppDelegate.swift; sourceTree = "<group>"; };
		5BF8EDE11D9200380059056B /* GameViewController.swift */ = {isa = PBXFileReference; lastKnownFileType = sourcecode.swift; path = GameViewController.swift; sourceTree = "<group>"; };
		5BF8EDE41D9200380059056B /* Base */ = {isa = PBXFileReference; lastKnownFileType = file.storyboard; name = Base; path = Base.lproj/Main.storyboard; sourceTree = "<group>"; };
		5BF8EDE61D9200380059056B /* Assets.xcassets */ = {isa = PBXFileReference; lastKnownFileType = folder.assetcatalog; path = Assets.xcassets; sourceTree = "<group>"; };
		5BF8EDE91D9200380059056B /* Base */ = {isa = PBXFileReference; lastKnownFileType = file.storyboard; name = Base; path = Base.lproj/LaunchScreen.storyboard; sourceTree = "<group>"; };
		5BF8EDEB1D9200380059056B /* Info.plist */ = {isa = PBXFileReference; lastKnownFileType = text.plist.xml; path = Info.plist; sourceTree = "<group>"; };
		5BF8EDF11D92AE840059056B /* GeometryFighter.scnassets */ = {isa = PBXFileReference; lastKnownFileType = wrapper.scnassets; path = GeometryFighter.scnassets; sourceTree = "<group>"; };
		5BF8EDF31D92B33A0059056B /* ShapeType.swift */ = {isa = PBXFileReference; fileEncoding = 4; lastKnownFileType = sourcecode.swift; path = ShapeType.swift; sourceTree = "<group>"; };
		5BF8EDF61D9348CF0059056B /* Double+Extensions.swift */ = {isa = PBXFileReference; fileEncoding = 4; lastKnownFileType = sourcecode.swift; path = "Double+Extensions.swift"; sourceTree = "<group>"; };
		5BF8EDF71D9348CF0059056B /* Float+Extensions.swift */ = {isa = PBXFileReference; fileEncoding = 4; lastKnownFileType = sourcecode.swift; path = "Float+Extensions.swift"; sourceTree = "<group>"; };
		5BF8EDF81D9348CF0059056B /* GameHelper.swift */ = {isa = PBXFileReference; fileEncoding = 4; lastKnownFileType = sourcecode.swift; path = GameHelper.swift; sourceTree = "<group>"; };
		5BF8EDF91D9348CF0059056B /* Generics.swift */ = {isa = PBXFileReference; fileEncoding = 4; lastKnownFileType = sourcecode.swift; path = Generics.swift; sourceTree = "<group>"; };
		5BF8EDFA1D9348CF0059056B /* Int+Extensions.swift */ = {isa = PBXFileReference; fileEncoding = 4; lastKnownFileType = sourcecode.swift; path = "Int+Extensions.swift"; sourceTree = "<group>"; };
		5BF8EDFB1D9348CF0059056B /* SCNAction+Extensions.swift */ = {isa = PBXFileReference; fileEncoding = 4; lastKnownFileType = sourcecode.swift; path = "SCNAction+Extensions.swift"; sourceTree = "<group>"; };
		5BF8EDFC1D9348CF0059056B /* UIColor+Extensions.swift */ = {isa = PBXFileReference; fileEncoding = 4; lastKnownFileType = sourcecode.swift; path = "UIColor+Extensions.swift"; sourceTree = "<group>"; };
		5BF8EE051D963EBD0059056B /* SceneKit Particle System.scnp */ = {isa = PBXFileReference; lastKnownFileType = file.scp; path = "SceneKit Particle System.scnp"; sourceTree = "<group>"; };
		5BF8EE061D963EBD0059056B /* spark.png */ = {isa = PBXFileReference; lastKnownFileType = image.png; path = spark.png; sourceTree = "<group>"; };
/* End PBXFileReference section */

/* Begin PBXFrameworksBuildPhase section */
		5BF8EDD71D9200380059056B /* Frameworks */ = {
			isa = PBXFrameworksBuildPhase;
			buildActionMask = 2147483647;
			files = (
			);
			runOnlyForDeploymentPostprocessing = 0;
		};
/* End PBXFrameworksBuildPhase section */

/* Begin PBXGroup section */
		5BF8EDD11D9200370059056B = {
			isa = PBXGroup;
			children = (
				5BF8EDDC1D9200380059056B /* GeometryFighter */,
				5BF8EDDB1D9200380059056B /* Products */,
			);
			sourceTree = "<group>";
		};
		5BF8EDDB1D9200380059056B /* Products */ = {
			isa = PBXGroup;
			children = (
				5BF8EDDA1D9200380059056B /* GeometryFighter.app */,
			);
			name = Products;
			sourceTree = "<group>";
		};
		5BF8EDDC1D9200380059056B /* GeometryFighter */ = {
			isa = PBXGroup;
			children = (
				5BF8EE041D963E800059056B /* Particles */,
				5BF8EDF51D9348CF0059056B /* GameUtils */,
				5BF8EDF11D92AE840059056B /* GeometryFighter.scnassets */,
				5BF8EDDD1D9200380059056B /* AppDelegate.swift */,
				5BF8EDE11D9200380059056B /* GameViewController.swift */,
				5BF8EDF31D92B33A0059056B /* ShapeType.swift */,
				5BF8EDE31D9200380059056B /* Main.storyboard */,
				5BF8EDE61D9200380059056B /* Assets.xcassets */,
				5BF8EDE81D9200380059056B /* LaunchScreen.storyboard */,
				5BF8EDEB1D9200380059056B /* Info.plist */,
			);
			path = GeometryFighter;
			sourceTree = "<group>";
		};
		5BF8EDF51D9348CF0059056B /* GameUtils */ = {
			isa = PBXGroup;
			children = (
				5BF8EDF61D9348CF0059056B /* Double+Extensions.swift */,
				5BF8EDF71D9348CF0059056B /* Float+Extensions.swift */,
				5BF8EDF81D9348CF0059056B /* GameHelper.swift */,
				5BF8EDF91D9348CF0059056B /* Generics.swift */,
				5BF8EDFA1D9348CF0059056B /* Int+Extensions.swift */,
				5BF8EDFB1D9348CF0059056B /* SCNAction+Extensions.swift */,
				5BF8EDFC1D9348CF0059056B /* UIColor+Extensions.swift */,
			);
			path = GameUtils;
			sourceTree = "<group>";
		};
		5BF8EE041D963E800059056B /* Particles */ = {
			isa = PBXGroup;
			children = (
				5B3E1E831D99493800D11B4A /* Explosion.scnp */,
				5BF8EE051D963EBD0059056B /* SceneKit Particle System.scnp */,
				5BF8EE061D963EBD0059056B /* spark.png */,
			);
			name = Particles;
			sourceTree = "<group>";
		};
/* End PBXGroup section */

/* Begin PBXNativeTarget section */
		5BF8EDD91D9200380059056B /* GeometryFighter */ = {
			isa = PBXNativeTarget;
			buildConfigurationList = 5BF8EDEE1D9200380059056B /* Build configuration list for PBXNativeTarget "GeometryFighter" */;
			buildPhases = (
				5BF8EDD61D9200380059056B /* Sources */,
				5BF8EDD71D9200380059056B /* Frameworks */,
				5BF8EDD81D9200380059056B /* Resources */,
			);
			buildRules = (
			);
			dependencies = (
			);
			name = GeometryFighter;
			productName = GeometryFighter;
			productReference = 5BF8EDDA1D9200380059056B /* GeometryFighter.app */;
			productType = "com.apple.product-type.application";
		};
/* End PBXNativeTarget section */

/* Begin PBXProject section */
		5BF8EDD21D9200370059056B /* Project object */ = {
			isa = PBXProject;
			attributes = {
				LastSwiftUpdateCheck = 0800;
				LastUpgradeCheck = 0800;
				ORGANIZATIONNAME = Treepi;
				TargetAttributes = {
					5BF8EDD91D9200380059056B = {
						CreatedOnToolsVersion = 8.0;
						DevelopmentTeam = VPE64C2824;
						ProvisioningStyle = Automatic;
					};
				};
			};
			buildConfigurationList = 5BF8EDD51D9200370059056B /* Build configuration list for PBXProject "GeometryFighter" */;
			compatibilityVersion = "Xcode 3.2";
			developmentRegion = English;
			hasScannedForEncodings = 0;
			knownRegions = (
				en,
				Base,
			);
			mainGroup = 5BF8EDD11D9200370059056B;
			productRefGroup = 5BF8EDDB1D9200380059056B /* Products */;
			projectDirPath = "";
			projectRoot = "";
			targets = (
				5BF8EDD91D9200380059056B /* GeometryFighter */,
			);
		};
/* End PBXProject section */

/* Begin PBXResourcesBuildPhase section */
		5BF8EDD81D9200380059056B /* Resources */ = {
			isa = PBXResourcesBuildPhase;
			buildActionMask = 2147483647;
			files = (
				5BF8EDEA1D9200380059056B /* LaunchScreen.storyboard in Resources */,
				5BF8EE081D963EBD0059056B /* spark.png in Resources */,
				5B3E1E841D99493800D11B4A /* Explosion.scnp in Resources */,
				5BF8EDE71D9200380059056B /* Assets.xcassets in Resources */,
				5BF8EDE51D9200380059056B /* Main.storyboard in Resources */,
				5BF8EE071D963EBD0059056B /* SceneKit Particle System.scnp in Resources */,
				5BF8EDF21D92AE840059056B /* GeometryFighter.scnassets in Resources */,
			);
			runOnlyForDeploymentPostprocessing = 0;
		};
/* End PBXResourcesBuildPhase section */

/* Begin PBXSourcesBuildPhase section */
		5BF8EDD61D9200380059056B /* Sources */ = {
			isa = PBXSourcesBuildPhase;
			buildActionMask = 2147483647;
			files = (
				5BF8EDFE1D9348CF0059056B /* Float+Extensions.swift in Sources */,
				5BF8EE031D9348CF0059056B /* UIColor+Extensions.swift in Sources */,
				5BF8EDFD1D9348CF0059056B /* Double+Extensions.swift in Sources */,
				5BF8EE021D9348CF0059056B /* SCNAction+Extensions.swift in Sources */,
				5BF8EE001D9348CF0059056B /* Generics.swift in Sources */,
				5BF8EDE21D9200380059056B /* GameViewController.swift in Sources */,
				5BF8EDF41D92B33A0059056B /* ShapeType.swift in Sources */,
				5BF8EE011D9348CF0059056B /* Int+Extensions.swift in Sources */,
				5BF8EDDE1D9200380059056B /* AppDelegate.swift in Sources */,
				5BF8EDFF1D9348CF0059056B /* GameHelper.swift in Sources */,
			);
			runOnlyForDeploymentPostprocessing = 0;
		};
/* End PBXSourcesBuildPhase section */

/* Begin PBXVariantGroup section */
		5BF8EDE31D9200380059056B /* Main.storyboard */ = {
			isa = PBXVariantGroup;
			children = (
				5BF8EDE41D9200380059056B /* Base */,
			);
			name = Main.storyboard;
			sourceTree = "<group>";
		};
		5BF8EDE81D9200380059056B /* LaunchScreen.storyboard */ = {
			isa = PBXVariantGroup;
			children = (
				5BF8EDE91D9200380059056B /* Base */,
			);
			name = LaunchScreen.storyboard;
			sourceTree = "<group>";
		};
/* End PBXVariantGroup section */

/* Begin XCBuildConfiguration section */
		5BF8EDEC1D9200380059056B /* Debug */ = {
			isa = XCBuildConfiguration;
			buildSettings = {
				ALWAYS_SEARCH_USER_PATHS = NO;
				CLANG_ANALYZER_NONNULL = YES;
				CLANG_CXX_LANGUAGE_STANDARD = "gnu++0x";
				CLANG_CXX_LIBRARY = "libc++";
				CLANG_ENABLE_MODULES = YES;
				CLANG_ENABLE_OBJC_ARC = YES;
				CLANG_WARN_BOOL_CONVERSION = YES;
				CLANG_WARN_CONSTANT_CONVERSION = YES;
				CLANG_WARN_DIRECT_OBJC_ISA_USAGE = YES_ERROR;
				CLANG_WARN_DOCUMENTATION_COMMENTS = YES;
				CLANG_WARN_EMPTY_BODY = YES;
				CLANG_WARN_ENUM_CONVERSION = YES;
				CLANG_WARN_INFINITE_RECURSION = YES;
				CLANG_WARN_INT_CONVERSION = YES;
				CLANG_WARN_OBJC_ROOT_CLASS = YES_ERROR;
				CLANG_WARN_SUSPICIOUS_MOVES = YES;
				CLANG_WARN_UNREACHABLE_CODE = YES;
				CLANG_WARN__DUPLICATE_METHOD_MATCH = YES;
				"CODE_SIGN_IDENTITY[sdk=iphoneos*]" = "iPhone Developer";
				COPY_PHASE_STRIP = NO;
				DEBUG_INFORMATION_FORMAT = dwarf;
				ENABLE_STRICT_OBJC_MSGSEND = YES;
				ENABLE_TESTABILITY = YES;
				GCC_C_LANGUAGE_STANDARD = gnu99;
				GCC_DYNAMIC_NO_PIC = NO;
				GCC_NO_COMMON_BLOCKS = YES;
				GCC_OPTIMIZATION_LEVEL = 0;
				GCC_PREPROCESSOR_DEFINITIONS = (
					"DEBUG=1",
					"$(inherited)",
				);
				GCC_WARN_64_TO_32_BIT_CONVERSION = YES;
				GCC_WARN_ABOUT_RETURN_TYPE = YES_ERROR;
				GCC_WARN_UNDECLARED_SELECTOR = YES;
				GCC_WARN_UNINITIALIZED_AUTOS = YES_AGGRESSIVE;
				GCC_WARN_UNUSED_FUNCTION = YES;
				GCC_WARN_UNUSED_VARIABLE = YES;
				IPHONEOS_DEPLOYMENT_TARGET = 10.0;
				MTL_ENABLE_DEBUG_INFO = YES;
				ONLY_ACTIVE_ARCH = YES;
				SDKROOT = iphoneos;
				SWIFT_ACTIVE_COMPILATION_CONDITIONS = DEBUG;
				SWIFT_OPTIMIZATION_LEVEL = "-Onone";
				TARGETED_DEVICE_FAMILY = "1,2";
			};
			name = Debug;
		};
		5BF8EDED1D9200380059056B /* Release */ = {
			isa = XCBuildConfiguration;
			buildSettings = {
				ALWAYS_SEARCH_USER_PATHS = NO;
				CLANG_ANALYZER_NONNULL = YES;
				CLANG_CXX_LANGUAGE_STANDARD = "gnu++0x";
				CLANG_CXX_LIBRARY = "libc++";
				CLANG_ENABLE_MODULES = YES;
				CLANG_ENABLE_OBJC_ARC = YES;
				CLANG_WARN_BOOL_CONVERSION = YES;
				CLANG_WARN_CONSTANT_CONVERSION = YES;
				CLANG_WARN_DIRECT_OBJC_ISA_USAGE = YES_ERROR;
				CLANG_WARN_DOCUMENTATION_COMMENTS = YES;
				CLANG_WARN_EMPTY_BODY = YES;
				CLANG_WARN_ENUM_CONVERSION = YES;
				CLANG_WARN_INFINITE_RECURSION = YES;
				CLANG_WARN_INT_CONVERSION = YES;
				CLANG_WARN_OBJC_ROOT_CLASS = YES_ERROR;
				CLANG_WARN_SUSPICIOUS_MOVES = YES;
				CLANG_WARN_UNREACHABLE_CODE = YES;
				CLANG_WARN__DUPLICATE_METHOD_MATCH = YES;
				"CODE_SIGN_IDENTITY[sdk=iphoneos*]" = "iPhone Developer";
				COPY_PHASE_STRIP = NO;
				DEBUG_INFORMATION_FORMAT = "dwarf-with-dsym";
				ENABLE_NS_ASSERTIONS = NO;
				ENABLE_STRICT_OBJC_MSGSEND = YES;
				GCC_C_LANGUAGE_STANDARD = gnu99;
				GCC_NO_COMMON_BLOCKS = YES;
				GCC_WARN_64_TO_32_BIT_CONVERSION = YES;
				GCC_WARN_ABOUT_RETURN_TYPE = YES_ERROR;
				GCC_WARN_UNDECLARED_SELECTOR = YES;
				GCC_WARN_UNINITIALIZED_AUTOS = YES_AGGRESSIVE;
				GCC_WARN_UNUSED_FUNCTION = YES;
				GCC_WARN_UNUSED_VARIABLE = YES;
				IPHONEOS_DEPLOYMENT_TARGET = 10.0;
				MTL_ENABLE_DEBUG_INFO = NO;
				SDKROOT = iphoneos;
				SWIFT_OPTIMIZATION_LEVEL = "-Owholemodule";
				TARGETED_DEVICE_FAMILY = "1,2";
				VALIDATE_PRODUCT = YES;
			};
			name = Release;
		};
		5BF8EDEF1D9200380059056B /* Debug */ = {
			isa = XCBuildConfiguration;
			buildSettings = {
				ASSETCATALOG_COMPILER_APPICON_NAME = AppIcon;
				DEVELOPMENT_TEAM = VPE64C2824;
				INFOPLIST_FILE = GeometryFighter/Info.plist;
				LD_RUNPATH_SEARCH_PATHS = "$(inherited) @executable_path/Frameworks";
				PRODUCT_BUNDLE_IDENTIFIER = io.treepi.GeometryFighter;
				PRODUCT_NAME = "$(TARGET_NAME)";
				SWIFT_VERSION = 3.0;
			};
			name = Debug;
		};
		5BF8EDF01D9200380059056B /* Release */ = {
			isa = XCBuildConfiguration;
			buildSettings = {
				ASSETCATALOG_COMPILER_APPICON_NAME = AppIcon;
				DEVELOPMENT_TEAM = VPE64C2824;
				INFOPLIST_FILE = GeometryFighter/Info.plist;
				LD_RUNPATH_SEARCH_PATHS = "$(inherited) @executable_path/Frameworks";
				PRODUCT_BUNDLE_IDENTIFIER = io.treepi.GeometryFighter;
				PRODUCT_NAME = "$(TARGET_NAME)";
				SWIFT_VERSION = 3.0;
			};
			name = Release;
		};
/* End XCBuildConfiguration section */

/* Begin XCConfigurationList section */
		5BF8EDD51D9200370059056B /* Build configuration list for PBXProject "GeometryFighter" */ = {
			isa = XCConfigurationList;
			buildConfigurations = (
				5BF8EDEC1D9200380059056B /* Debug */,
				5BF8EDED1D9200380059056B /* Release */,
			);
			defaultConfigurationIsVisible = 0;
			defaultConfigurationName = Release;
		};
		5BF8EDEE1D9200380059056B /* Build configuration list for PBXNativeTarget "GeometryFighter" */ = {
			isa = XCConfigurationList;
			buildConfigurations = (
				5BF8EDEF1D9200380059056B /* Debug */,
				5BF8EDF01D9200380059056B /* Release */,
			);
			defaultConfigurationIsVisible = 0;
			defaultConfigurationName = Release;
		};
/* End XCConfigurationList section */
	};
	rootObject = 5BF8EDD21D9200370059056B /* Project object */;
}
